// !$*UTF8*$!
{
	archiveVersion = 1;
	classes = {
	};
	objectVersion = 55;
	objects = {

/* Begin PBXBuildFile section */
		3651E24E2735290D00DCB2EC /* NetworkManager.swift in Sources */ = {isa = PBXBuildFile; fileRef = 3651E24D2735290D00DCB2EC /* NetworkManager.swift */; };
		3651E25027352C6800DCB2EC /* Currency.swift in Sources */ = {isa = PBXBuildFile; fileRef = 3651E24F27352C6800DCB2EC /* Currency.swift */; };
		3651E2522735396500DCB2EC /* CurrencyViewModel.swift in Sources */ = {isa = PBXBuildFile; fileRef = 3651E2512735396500DCB2EC /* CurrencyViewModel.swift */; };
		3651E25427353AEE00DCB2EC /* CurrencyListViewModel.swift in Sources */ = {isa = PBXBuildFile; fileRef = 3651E25327353AEE00DCB2EC /* CurrencyListViewModel.swift */; };
		3651E25627355BA700DCB2EC /* TableBViewController.swift in Sources */ = {isa = PBXBuildFile; fileRef = 3651E25527355BA700DCB2EC /* TableBViewController.swift */; };
		3651E25927355BB800DCB2EC /* TableCViewController.swift in Sources */ = {isa = PBXBuildFile; fileRef = 3651E25827355BB800DCB2EC /* TableCViewController.swift */; };
		36F2BBC82734599E00EB5265 /* AppDelegate.swift in Sources */ = {isa = PBXBuildFile; fileRef = 36F2BBC72734599E00EB5265 /* AppDelegate.swift */; };
		36F2BBCA2734599E00EB5265 /* SceneDelegate.swift in Sources */ = {isa = PBXBuildFile; fileRef = 36F2BBC92734599E00EB5265 /* SceneDelegate.swift */; };
		36F2BBCC2734599E00EB5265 /* TableAViewController.swift in Sources */ = {isa = PBXBuildFile; fileRef = 36F2BBCB2734599E00EB5265 /* TableAViewController.swift */; };
		36F2BBCF2734599E00EB5265 /* Main.storyboard in Resources */ = {isa = PBXBuildFile; fileRef = 36F2BBCD2734599E00EB5265 /* Main.storyboard */; };
		36F2BBD1273459A200EB5265 /* Assets.xcassets in Resources */ = {isa = PBXBuildFile; fileRef = 36F2BBD0273459A200EB5265 /* Assets.xcassets */; };
		36F2BBD4273459A200EB5265 /* LaunchScreen.storyboard in Resources */ = {isa = PBXBuildFile; fileRef = 36F2BBD2273459A200EB5265 /* LaunchScreen.storyboard */; };
/* End PBXBuildFile section */

/* Begin PBXFileReference section */
		3651E24D2735290D00DCB2EC /* NetworkManager.swift */ = {isa = PBXFileReference; lastKnownFileType = sourcecode.swift; path = NetworkManager.swift; sourceTree = "<group>"; };
		3651E24F27352C6800DCB2EC /* Currency.swift */ = {isa = PBXFileReference; lastKnownFileType = sourcecode.swift; path = Currency.swift; sourceTree = "<group>"; };
		3651E2512735396500DCB2EC /* CurrencyViewModel.swift */ = {isa = PBXFileReference; lastKnownFileType = sourcecode.swift; path = CurrencyViewModel.swift; sourceTree = "<group>"; };
		3651E25327353AEE00DCB2EC /* CurrencyListViewModel.swift */ = {isa = PBXFileReference; lastKnownFileType = sourcecode.swift; path = CurrencyListViewModel.swift; sourceTree = "<group>"; };
		3651E25527355BA700DCB2EC /* TableBViewController.swift */ = {isa = PBXFileReference; lastKnownFileType = sourcecode.swift; path = TableBViewController.swift; sourceTree = "<group>"; };
		3651E25827355BB800DCB2EC /* TableCViewController.swift */ = {isa = PBXFileReference; lastKnownFileType = sourcecode.swift; path = TableCViewController.swift; sourceTree = "<group>"; };
		36F2BBC42734599E00EB5265 /* Qpony_zadanie.app */ = {isa = PBXFileReference; explicitFileType = wrapper.application; includeInIndex = 0; path = Qpony_zadanie.app; sourceTree = BUILT_PRODUCTS_DIR; };
		36F2BBC72734599E00EB5265 /* AppDelegate.swift */ = {isa = PBXFileReference; lastKnownFileType = sourcecode.swift; path = AppDelegate.swift; sourceTree = "<group>"; };
		36F2BBC92734599E00EB5265 /* SceneDelegate.swift */ = {isa = PBXFileReference; lastKnownFileType = sourcecode.swift; path = SceneDelegate.swift; sourceTree = "<group>"; };
		36F2BBCB2734599E00EB5265 /* TableAViewController.swift */ = {isa = PBXFileReference; lastKnownFileType = sourcecode.swift; path = TableAViewController.swift; sourceTree = "<group>"; };
		36F2BBCE2734599E00EB5265 /* Base */ = {isa = PBXFileReference; lastKnownFileType = file.storyboard; name = Base; path = Base.lproj/Main.storyboard; sourceTree = "<group>"; };
		36F2BBD0273459A200EB5265 /* Assets.xcassets */ = {isa = PBXFileReference; lastKnownFileType = folder.assetcatalog; path = Assets.xcassets; sourceTree = "<group>"; };
		36F2BBD3273459A200EB5265 /* Base */ = {isa = PBXFileReference; lastKnownFileType = file.storyboard; name = Base; path = Base.lproj/LaunchScreen.storyboard; sourceTree = "<group>"; };
		36F2BBD5273459A200EB5265 /* Info.plist */ = {isa = PBXFileReference; lastKnownFileType = text.plist.xml; path = Info.plist; sourceTree = "<group>"; };
/* End PBXFileReference section */

/* Begin PBXFrameworksBuildPhase section */
		36F2BBC12734599E00EB5265 /* Frameworks */ = {
			isa = PBXFrameworksBuildPhase;
			buildActionMask = 2147483647;
			files = (
			);
			runOnlyForDeploymentPostprocessing = 0;
		};
/* End PBXFrameworksBuildPhase section */

/* Begin PBXGroup section */
		3651E24C273528EA00DCB2EC /* Services */ = {
			isa = PBXGroup;
			children = (
				3651E24D2735290D00DCB2EC /* NetworkManager.swift */,
			);
			path = Services;
			sourceTree = "<group>";
		};
		36F2BBBB2734599E00EB5265 = {
			isa = PBXGroup;
			children = (
				36F2BBC62734599E00EB5265 /* Qpony_zadanie */,
				36F2BBC52734599E00EB5265 /* Products */,
			);
			sourceTree = "<group>";
		};
		36F2BBC52734599E00EB5265 /* Products */ = {
			isa = PBXGroup;
			children = (
				36F2BBC42734599E00EB5265 /* Qpony_zadanie.app */,
			);
			name = Products;
			sourceTree = "<group>";
		};
		36F2BBC62734599E00EB5265 /* Qpony_zadanie */ = {
			isa = PBXGroup;
			children = (
				3651E24C273528EA00DCB2EC /* Services */,
				36F2BBDE27345B8D00EB5265 /* ViewConroller */,
				36F2BBDD27345B8400EB5265 /* ViewModel */,
				36F2BBDC27345B7D00EB5265 /* Model */,
				36F2BBDB27345B7500EB5265 /* View */,
				36F2BBDF27345B9400EB5265 /* Storyboards */,
				36F2BBC72734599E00EB5265 /* AppDelegate.swift */,
				36F2BBC92734599E00EB5265 /* SceneDelegate.swift */,
				36F2BBD0273459A200EB5265 /* Assets.xcassets */,
				36F2BBD5273459A200EB5265 /* Info.plist */,
			);
			path = Qpony_zadanie;
			sourceTree = "<group>";
		};
		36F2BBDB27345B7500EB5265 /* View */ = {
			isa = PBXGroup;
			children = (
			);
			path = View;
			sourceTree = "<group>";
		};
		36F2BBDC27345B7D00EB5265 /* Model */ = {
			isa = PBXGroup;
			children = (
				3651E24F27352C6800DCB2EC /* Currency.swift */,
			);
			path = Model;
			sourceTree = "<group>";
		};
		36F2BBDD27345B8400EB5265 /* ViewModel */ = {
			isa = PBXGroup;
			children = (
				3651E2512735396500DCB2EC /* CurrencyViewModel.swift */,
				3651E25327353AEE00DCB2EC /* CurrencyListViewModel.swift */,
			);
			path = ViewModel;
			sourceTree = "<group>";
		};
		36F2BBDE27345B8D00EB5265 /* ViewConroller */ = {
			isa = PBXGroup;
			children = (
				36F2BBCB2734599E00EB5265 /* TableAViewController.swift */,
				3651E25527355BA700DCB2EC /* TableBViewController.swift */,
				3651E25827355BB800DCB2EC /* TableCViewController.swift */,
			);
			path = ViewConroller;
			sourceTree = "<group>";
		};
		36F2BBDF27345B9400EB5265 /* Storyboards */ = {
			isa = PBXGroup;
			children = (
				36F2BBCD2734599E00EB5265 /* Main.storyboard */,
				36F2BBD2273459A200EB5265 /* LaunchScreen.storyboard */,
			);
			path = Storyboards;
			sourceTree = "<group>";
		};
/* End PBXGroup section */

/* Begin PBXNativeTarget section */
		36F2BBC32734599E00EB5265 /* Qpony_zadanie */ = {
			isa = PBXNativeTarget;
			buildConfigurationList = 36F2BBD8273459A200EB5265 /* Build configuration list for PBXNativeTarget "Qpony_zadanie" */;
			buildPhases = (
				36F2BBC02734599E00EB5265 /* Sources */,
				36F2BBC12734599E00EB5265 /* Frameworks */,
				36F2BBC22734599E00EB5265 /* Resources */,
			);
			buildRules = (
			);
			dependencies = (
			);
			name = Qpony_zadanie;
			productName = Qpony_zadanie;
			productReference = 36F2BBC42734599E00EB5265 /* Qpony_zadanie.app */;
			productType = "com.apple.product-type.application";
		};
/* End PBXNativeTarget section */

/* Begin PBXProject section */
		36F2BBBC2734599E00EB5265 /* Project object */ = {
			isa = PBXProject;
			attributes = {
				BuildIndependentTargetsInParallel = 1;
				LastSwiftUpdateCheck = 1310;
				LastUpgradeCheck = 1310;
				TargetAttributes = {
					36F2BBC32734599E00EB5265 = {
						CreatedOnToolsVersion = 13.1;
					};
				};
			};
			buildConfigurationList = 36F2BBBF2734599E00EB5265 /* Build configuration list for PBXProject "Qpony_zadanie" */;
			compatibilityVersion = "Xcode 13.0";
			developmentRegion = en;
			hasScannedForEncodings = 0;
			knownRegions = (
				en,
				Base,
			);
			mainGroup = 36F2BBBB2734599E00EB5265;
			productRefGroup = 36F2BBC52734599E00EB5265 /* Products */;
			projectDirPath = "";
			projectRoot = "";
			targets = (
				36F2BBC32734599E00EB5265 /* Qpony_zadanie */,
			);
		};
/* End PBXProject section */

/* Begin PBXResourcesBuildPhase section */
		36F2BBC22734599E00EB5265 /* Resources */ = {
			isa = PBXResourcesBuildPhase;
			buildActionMask = 2147483647;
			files = (
				36F2BBD4273459A200EB5265 /* LaunchScreen.storyboard in Resources */,
				36F2BBD1273459A200EB5265 /* Assets.xcassets in Resources */,
				36F2BBCF2734599E00EB5265 /* Main.storyboard in Resources */,
			);
			runOnlyForDeploymentPostprocessing = 0;
		};
/* End PBXResourcesBuildPhase section */

/* Begin PBXSourcesBuildPhase section */
		36F2BBC02734599E00EB5265 /* Sources */ = {
			isa = PBXSourcesBuildPhase;
			buildActionMask = 2147483647;
			files = (
				3651E24E2735290D00DCB2EC /* NetworkManager.swift in Sources */,
				3651E2522735396500DCB2EC /* CurrencyViewModel.swift in Sources */,
				3651E25027352C6800DCB2EC /* Currency.swift in Sources */,
				36F2BBCC2734599E00EB5265 /* TableAViewController.swift in Sources */,
				36F2BBC82734599E00EB5265 /* AppDelegate.swift in Sources */,
				3651E25927355BB800DCB2EC /* TableCViewController.swift in Sources */,
				36F2BBCA2734599E00EB5265 /* SceneDelegate.swift in Sources */,
				3651E25627355BA700DCB2EC /* TableBViewController.swift in Sources */,
				3651E25427353AEE00DCB2EC /* CurrencyListViewModel.swift in Sources */,
			);
			runOnlyForDeploymentPostprocessing = 0;
		};
/* End PBXSourcesBuildPhase section */

/* Begin PBXVariantGroup section */
		36F2BBCD2734599E00EB5265 /* Main.storyboard */ = {
			isa = PBXVariantGroup;
			children = (
				36F2BBCE2734599E00EB5265 /* Base */,
			);
			name = Main.storyboard;
			sourceTree = "<group>";
		};
		36F2BBD2273459A200EB5265 /* LaunchScreen.storyboard */ = {
			isa = PBXVariantGroup;
			children = (
				36F2BBD3273459A200EB5265 /* Base */,
			);
			name = LaunchScreen.storyboard;
			sourceTree = "<group>";
		};
/* End PBXVariantGroup section */

/* Begin XCBuildConfiguration section */
		36F2BBD6273459A200EB5265 /* Debug */ = {
			isa = XCBuildConfiguration;
			buildSettings = {
				ALWAYS_SEARCH_USER_PATHS = NO;
				CLANG_ANALYZER_NONNULL = YES;
				CLANG_ANALYZER_NUMBER_OBJECT_CONVERSION = YES_AGGRESSIVE;
				CLANG_CXX_LANGUAGE_STANDARD = "gnu++17";
				CLANG_CXX_LIBRARY = "libc++";
				CLANG_ENABLE_MODULES = YES;
				CLANG_ENABLE_OBJC_ARC = YES;
				CLANG_ENABLE_OBJC_WEAK = YES;
				CLANG_WARN_BLOCK_CAPTURE_AUTORELEASING = YES;
				CLANG_WARN_BOOL_CONVERSION = YES;
				CLANG_WARN_COMMA = YES;
				CLANG_WARN_CONSTANT_CONVERSION = YES;
				CLANG_WARN_DEPRECATED_OBJC_IMPLEMENTATIONS = YES;
				CLANG_WARN_DIRECT_OBJC_ISA_USAGE = YES_ERROR;
				CLANG_WARN_DOCUMENTATION_COMMENTS = YES;
				CLANG_WARN_EMPTY_BODY = YES;
				CLANG_WARN_ENUM_CONVERSION = YES;
				CLANG_WARN_INFINITE_RECURSION = YES;
				CLANG_WARN_INT_CONVERSION = YES;
				CLANG_WARN_NON_LITERAL_NULL_CONVERSION = YES;
				CLANG_WARN_OBJC_IMPLICIT_RETAIN_SELF = YES;
				CLANG_WARN_OBJC_LITERAL_CONVERSION = YES;
				CLANG_WARN_OBJC_ROOT_CLASS = YES_ERROR;
				CLANG_WARN_QUOTED_INCLUDE_IN_FRAMEWORK_HEADER = YES;
				CLANG_WARN_RANGE_LOOP_ANALYSIS = YES;
				CLANG_WARN_STRICT_PROTOTYPES = YES;
				CLANG_WARN_SUSPICIOUS_MOVE = YES;
				CLANG_WARN_UNGUARDED_AVAILABILITY = YES_AGGRESSIVE;
				CLANG_WARN_UNREACHABLE_CODE = YES;
				CLANG_WARN__DUPLICATE_METHOD_MATCH = YES;
				COPY_PHASE_STRIP = NO;
				DEBUG_INFORMATION_FORMAT = dwarf;
				ENABLE_STRICT_OBJC_MSGSEND = YES;
				ENABLE_TESTABILITY = YES;
				GCC_C_LANGUAGE_STANDARD = gnu11;
				GCC_DYNAMIC_NO_PIC = NO;
				GCC_NO_COMMON_BLOCKS = YES;
				GCC_OPTIMIZATION_LEVEL = 0;
				GCC_PREPROCESSOR_DEFINITIONS = (
					"DEBUG=1",
					"$(inherited)",
				);
				GCC_WARN_64_TO_32_BIT_CONVERSION = YES;
				GCC_WARN_ABOUT_RETURN_TYPE = YES_ERROR;
				GCC_WARN_UNDECLARED_SELECTOR = YES;
				GCC_WARN_UNINITIALIZED_AUTOS = YES_AGGRESSIVE;
				GCC_WARN_UNUSED_FUNCTION = YES;
				GCC_WARN_UNUSED_VARIABLE = YES;
				IPHONEOS_DEPLOYMENT_TARGET = 15.0;
				MTL_ENABLE_DEBUG_INFO = INCLUDE_SOURCE;
				MTL_FAST_MATH = YES;
				ONLY_ACTIVE_ARCH = YES;
				SDKROOT = iphoneos;
				SWIFT_ACTIVE_COMPILATION_CONDITIONS = DEBUG;
				SWIFT_OPTIMIZATION_LEVEL = "-Onone";
			};
			name = Debug;
		};
		36F2BBD7273459A200EB5265 /* Release */ = {
			isa = XCBuildConfiguration;
			buildSettings = {
				ALWAYS_SEARCH_USER_PATHS = NO;
				CLANG_ANALYZER_NONNULL = YES;
				CLANG_ANALYZER_NUMBER_OBJECT_CONVERSION = YES_AGGRESSIVE;
				CLANG_CXX_LANGUAGE_STANDARD = "gnu++17";
				CLANG_CXX_LIBRARY = "libc++";
				CLANG_ENABLE_MODULES = YES;
				CLANG_ENABLE_OBJC_ARC = YES;
				CLANG_ENABLE_OBJC_WEAK = YES;
				CLANG_WARN_BLOCK_CAPTURE_AUTORELEASING = YES;
				CLANG_WARN_BOOL_CONVERSION = YES;
				CLANG_WARN_COMMA = YES;
				CLANG_WARN_CONSTANT_CONVERSION = YES;
				CLANG_WARN_DEPRECATED_OBJC_IMPLEMENTATIONS = YES;
				CLANG_WARN_DIRECT_OBJC_ISA_USAGE = YES_ERROR;
				CLANG_WARN_DOCUMENTATION_COMMENTS = YES;
				CLANG_WARN_EMPTY_BODY = YES;
				CLANG_WARN_ENUM_CONVERSION = YES;
				CLANG_WARN_INFINITE_RECURSION = YES;
				CLANG_WARN_INT_CONVERSION = YES;
				CLANG_WARN_NON_LITERAL_NULL_CONVERSION = YES;
				CLANG_WARN_OBJC_IMPLICIT_RETAIN_SELF = YES;
				CLANG_WARN_OBJC_LITERAL_CONVERSION = YES;
				CLANG_WARN_OBJC_ROOT_CLASS = YES_ERROR;
				CLANG_WARN_QUOTED_INCLUDE_IN_FRAMEWORK_HEADER = YES;
				CLANG_WARN_RANGE_LOOP_ANALYSIS = YES;
				CLANG_WARN_STRICT_PROTOTYPES = YES;
				CLANG_WARN_SUSPICIOUS_MOVE = YES;
				CLANG_WARN_UNGUARDED_AVAILABILITY = YES_AGGRESSIVE;
				CLANG_WARN_UNREACHABLE_CODE = YES;
				CLANG_WARN__DUPLICATE_METHOD_MATCH = YES;
				COPY_PHASE_STRIP = NO;
				DEBUG_INFORMATION_FORMAT = "dwarf-with-dsym";
				ENABLE_NS_ASSERTIONS = NO;
				ENABLE_STRICT_OBJC_MSGSEND = YES;
				GCC_C_LANGUAGE_STANDARD = gnu11;
				GCC_NO_COMMON_BLOCKS = YES;
				GCC_WARN_64_TO_32_BIT_CONVERSION = YES;
				GCC_WARN_ABOUT_RETURN_TYPE = YES_ERROR;
				GCC_WARN_UNDECLARED_SELECTOR = YES;
				GCC_WARN_UNINITIALIZED_AUTOS = YES_AGGRESSIVE;
				GCC_WARN_UNUSED_FUNCTION = YES;
				GCC_WARN_UNUSED_VARIABLE = YES;
				IPHONEOS_DEPLOYMENT_TARGET = 15.0;
				MTL_ENABLE_DEBUG_INFO = NO;
				MTL_FAST_MATH = YES;
				SDKROOT = iphoneos;
				SWIFT_COMPILATION_MODE = wholemodule;
				SWIFT_OPTIMIZATION_LEVEL = "-O";
				VALIDATE_PRODUCT = YES;
			};
			name = Release;
		};
		36F2BBD9273459A200EB5265 /* Debug */ = {
			isa = XCBuildConfiguration;
			buildSettings = {
				ASSETCATALOG_COMPILER_APPICON_NAME = AppIcon;
				ASSETCATALOG_COMPILER_GLOBAL_ACCENT_COLOR_NAME = AccentColor;
				CODE_SIGN_STYLE = Automatic;
				CURRENT_PROJECT_VERSION = 1;
				DEVELOPMENT_TEAM = RJ86Z2T5ST;
				GENERATE_INFOPLIST_FILE = YES;
				INFOPLIST_FILE = Qpony_zadanie/Info.plist;
				INFOPLIST_KEY_UIApplicationSupportsIndirectInputEvents = YES;
				INFOPLIST_KEY_UILaunchStoryboardName = LaunchScreen;
				INFOPLIST_KEY_UIMainStoryboardFile = Main;
				INFOPLIST_KEY_UISupportedInterfaceOrientations = UIInterfaceOrientationPortrait;
				INFOPLIST_KEY_UISupportedInterfaceOrientations_iPad = "UIInterfaceOrientationPortrait UIInterfaceOrientationPortraitUpsideDown UIInterfaceOrientationLandscapeLeft UIInterfaceOrientationLandscapeRight";
				INFOPLIST_KEY_UISupportedInterfaceOrientations_iPhone = "UIInterfaceOrientationPortrait UIInterfaceOrientationLandscapeLeft UIInterfaceOrientationLandscapeRight";
				IPHONEOS_DEPLOYMENT_TARGET = 10.0;
				LD_RUNPATH_SEARCH_PATHS = (
					"$(inherited)",
					"@executable_path/Frameworks",
				);
				MARKETING_VERSION = 1.0;
				PRODUCT_BUNDLE_IDENTIFIER = "com.KacperKita.Qpony-zadanie";
				PRODUCT_NAME = "$(TARGET_NAME)";
				SWIFT_EMIT_LOC_STRINGS = YES;
				SWIFT_VERSION = 5.0;
				TARGETED_DEVICE_FAMILY = 1;
			};
			name = Debug;
		};
		36F2BBDA273459A200EB5265 /* Release */ = {
			isa = XCBuildConfiguration;
			buildSettings = {
				ASSETCATALOG_COMPILER_APPICON_NAME = AppIcon;
				ASSETCATALOG_COMPILER_GLOBAL_ACCENT_COLOR_NAME = AccentColor;
				CODE_SIGN_STYLE = Automatic;
				CURRENT_PROJECT_VERSION = 1;
				DEVELOPMENT_TEAM = RJ86Z2T5ST;
				GENERATE_INFOPLIST_FILE = YES;
				INFOPLIST_FILE = Qpony_zadanie/Info.plist;
				INFOPLIST_KEY_UIApplicationSupportsIndirectInputEvents = YES;
				INFOPLIST_KEY_UILaunchStoryboardName = LaunchScreen;
				INFOPLIST_KEY_UIMainStoryboardFile = Main;
				INFOPLIST_KEY_UISupportedInterfaceOrientations = UIInterfaceOrientationPortrait;
				INFOPLIST_KEY_UISupportedInterfaceOrientations_iPad = "UIInterfaceOrientationPortrait UIInterfaceOrientationPortraitUpsideDown UIInterfaceOrientationLandscapeLeft UIInterfaceOrientationLandscapeRight";
				INFOPLIST_KEY_UISupportedInterfaceOrientations_iPhone = "UIInterfaceOrientationPortrait UIInterfaceOrientationLandscapeLeft UIInterfaceOrientationLandscapeRight";
				IPHONEOS_DEPLOYMENT_TARGET = 10.0;
				LD_RUNPATH_SEARCH_PATHS = (
					"$(inherited)",
					"@executable_path/Frameworks",
				);
				MARKETING_VERSION = 1.0;
				PRODUCT_BUNDLE_IDENTIFIER = "com.KacperKita.Qpony-zadanie";
				PRODUCT_NAME = "$(TARGET_NAME)";
				SWIFT_EMIT_LOC_STRINGS = YES;
				SWIFT_VERSION = 5.0;
				TARGETED_DEVICE_FAMILY = 1;
			};
			name = Release;
		};
/* End XCBuildConfiguration section */

/* Begin XCConfigurationList section */
		36F2BBBF2734599E00EB5265 /* Build configuration list for PBXProject "Qpony_zadanie" */ = {
			isa = XCConfigurationList;
			buildConfigurations = (
				36F2BBD6273459A200EB5265 /* Debug */,
				36F2BBD7273459A200EB5265 /* Release */,
			);
			defaultConfigurationIsVisible = 0;
			defaultConfigurationName = Release;
		};
		36F2BBD8273459A200EB5265 /* Build configuration list for PBXNativeTarget "Qpony_zadanie" */ = {
			isa = XCConfigurationList;
			buildConfigurations = (
				36F2BBD9273459A200EB5265 /* Debug */,
				36F2BBDA273459A200EB5265 /* Release */,
			);
			defaultConfigurationIsVisible = 0;
			defaultConfigurationName = Release;
		};
/* End XCConfigurationList section */
	};
	rootObject = 36F2BBBC2734599E00EB5265 /* Project object */;
}
